
Microsoft Visual Studio Solution File, Format Version 12.00
# Visual Studio Version 16
VisualStudioVersion = 16.0.30717.126
MinimumVisualStudioVersion = 10.0.40219.1
Project("{FAE04EC0-301F-11D3-BF4B-00C04F79EFBC}") = "FlyReplay", "FlyReplay\FlyReplay.csproj", "{D92A86D0-1545-4247-BEC2-AA532BA58A41}"
EndProject
Global
	GlobalSection(SolutionConfigurationPlatforms) = preSolution
		Debug|Any CPU = Debug|Any CPU
		Release|Any CPU = Release|Any CPU
	EndGlobalSection
	GlobalSection(ProjectConfigurationPlatforms) = postSolution
		{D92A86D0-1545-4247-BEC2-AA532BA58A41}.Debug|Any CPU.ActiveCfg = Debug|Any CPU
		{D92A86D0-1545-4247-BEC2-AA532BA58A41}.Debug|Any CPU.Build.0 = Debug|Any CPU
		{D92A86D0-1545-4247-BEC2-AA532BA58A41}.Release|Any CPU.ActiveCfg = Release|Any CPU
		{D92A86D0-1545-4247-BEC2-AA532BA58A41}.Release|Any CPU.Build.0 = Release|Any CPU
	EndGlobalSection
	GlobalSection(SolutionProperties) = preSolution
		HideSolutionNode = FALSE
	EndGlobalSection
	GlobalSection(ExtensibilityGlobals) = postSolution
		SolutionGuid = {24F6B8CA-29A0-4692-9ABA-09565321DD56}
	EndGlobalSection
EndGlobal
